schema: '2.0'
stages:
  preprocess:
    cmd: python src/target_and_label.py
    deps:
    - path: models/feature_pipeline.pkl
      hash: md5
      md5: 8be45f5d58be1b5b3118c325cb1cbaee
      size: 3788
    - path: src/data_processing.py
      hash: md5
      md5: a1d2cb1fc300934cd46e394619fff7b6
      size: 3072
    - path: src/proxy_target_engineer.py
      hash: md5
      md5: 21c13fc7a34ec8043c19031ef229a513
      size: 2733
